
Microsoft Visual Studio Solution File, Format Version 12.00
# Visual Studio 2015
Project("{FAE04EC0-301F-11D3-BF4B-00C04F79EFBC}") = "AppWormsUnity.CSharp", "AppWormsUnity.CSharp.csproj", "{6CAEC8BF-0C1E-D056-EAF1-7CC32DDCCBE9}"
EndProject
Project("{FAE04EC0-301F-11D3-BF4B-00C04F79EFBC}") = "AppWormsUnity.CSharp.Editor", "AppWormsUnity.CSharp.Editor.csproj", "{96EB30EF-87FD-8B7E-B8EB-57B6F8D21006}"
EndProject
Project("{FAE04EC0-301F-11D3-BF4B-00C04F79EFBC}") = "picodex.worms", "..\..\src\picodex.worms\picodex.worms.csproj", "{567CBB82-A7FB-4846-9622-A7052F068E05}"
EndProject
Global
	GlobalSection(SolutionConfigurationPlatforms) = preSolution
		Debug|Any CPU = Debug|Any CPU
		Release|Any CPU = Release|Any CPU
	EndGlobalSection
	GlobalSection(ProjectConfigurationPlatforms) = postSolution
		{6CAEC8BF-0C1E-D056-EAF1-7CC32DDCCBE9}.Debug|Any CPU.ActiveCfg = Debug|Any CPU
		{6CAEC8BF-0C1E-D056-EAF1-7CC32DDCCBE9}.Debug|Any CPU.Build.0 = Debug|Any CPU
		{6CAEC8BF-0C1E-D056-EAF1-7CC32DDCCBE9}.Release|Any CPU.ActiveCfg = Release|Any CPU
		{6CAEC8BF-0C1E-D056-EAF1-7CC32DDCCBE9}.Release|Any CPU.Build.0 = Release|Any CPU
		{96EB30EF-87FD-8B7E-B8EB-57B6F8D21006}.Debug|Any CPU.ActiveCfg = Debug|Any CPU
		{96EB30EF-87FD-8B7E-B8EB-57B6F8D21006}.Debug|Any CPU.Build.0 = Debug|Any CPU
		{96EB30EF-87FD-8B7E-B8EB-57B6F8D21006}.Release|Any CPU.ActiveCfg = Release|Any CPU
		{96EB30EF-87FD-8B7E-B8EB-57B6F8D21006}.Release|Any CPU.Build.0 = Release|Any CPU
		{567CBB82-A7FB-4846-9622-A7052F068E05}.Debug|Any CPU.ActiveCfg = Debug|Any CPU
		{567CBB82-A7FB-4846-9622-A7052F068E05}.Debug|Any CPU.Build.0 = Debug|Any CPU
		{567CBB82-A7FB-4846-9622-A7052F068E05}.Release|Any CPU.ActiveCfg = Release|Any CPU
		{567CBB82-A7FB-4846-9622-A7052F068E05}.Release|Any CPU.Build.0 = Release|Any CPU
	EndGlobalSection
	GlobalSection(SolutionProperties) = preSolution
		HideSolutionNode = FALSE
	EndGlobalSection
EndGlobal
